{
  "name": "cstest",
  "version": "1.0.0",
  "lockfileVersion": 2,
  "requires": true,
  "packages": {
    "": {
      "name": "cstest",
      "version": "1.0.0",
      "license": "ISC",
      "dependencies": {
        "angularjs-datepicker": "^2.1.23",
        "bootstrap-icons": "^1.9.1"
      }
    },
    "node_modules/angularjs-datepicker": {
      "version": "2.1.23",
      "resolved": "https://registry.npmjs.org/angularjs-datepicker/-/angularjs-datepicker-2.1.23.tgz",
      "integrity": "sha512-oEya22eGO3vOiBiTNd8+Tu06pM4nwvb+jebkIAU3Ycj6qbT9ZDe5/Q68nMKfXHG26RNvHVh9fX3uqNpoiEMgwQ=="
    },
    "node_modules/bootstrap-icons": {
      "version": "1.9.1",
      "resolved": "https://registry.npmjs.org/bootstrap-icons/-/bootstrap-icons-1.9.1.tgz",
      "integrity": "sha512-d4ZkO30MIkAhQ2nNRJqKXJVEQorALGbLWTuRxyCTJF96lRIV6imcgMehWGJUiJMJhglN0o2tqLIeDnMdiQEE9g=="
    }
  },
  "dependencies": {
    "angularjs-datepicker": {
      "version": "2.1.23",
      "resolved": "https://registry.npmjs.org/angularjs-datepicker/-/angularjs-datepicker-2.1.23.tgz",
      "integrity": "sha512-oEya22eGO3vOiBiTNd8+Tu06pM4nwvb+jebkIAU3Ycj6qbT9ZDe5/Q68nMKfXHG26RNvHVh9fX3uqNpoiEMgwQ=="
    },
    "bootstrap-icons": {
      "version": "1.9.1",
      "resolved": "https://registry.npmjs.org/bootstrap-icons/-/bootstrap-icons-1.9.1.tgz",
      "integrity": "sha512-d4ZkO30MIkAhQ2nNRJqKXJVEQorALGbLWTuRxyCTJF96lRIV6imcgMehWGJUiJMJhglN0o2tqLIeDnMdiQEE9g=="
    }
  }
}
